
Microsoft Visual Studio Solution File, Format Version 12.00
# Visual Studio Version 16
VisualStudioVersion = 16.0.31005.135
MinimumVisualStudioVersion = 15.0.26124.0
Project("{9A19103F-16F7-4668-BE54-9A1E7A4F7556}") = "HWMS.Web", "HWMS.Web\HWMS.Web.csproj", "{7E7901E6-C0C2-4550-8C8C-C56CBA828F0B}"
EndProject
Project("{9A19103F-16F7-4668-BE54-9A1E7A4F7556}") = "HWMS.Application", "HWMS.Application\HWMS.Application.csproj", "{7ED9B0F0-078D-487B-B75F-1B5F22D11DA4}"
EndProject
Project("{9A19103F-16F7-4668-BE54-9A1E7A4F7556}") = "HWMS.DoMain", "HWMS.DoMain\HWMS.DoMain.csproj", "{BD77E803-7E53-40BA-B3C4-652583AF8025}"
EndProject
Project("{9A19103F-16F7-4668-BE54-9A1E7A4F7556}") = "HWMS.Infrastructure", "HWMS.Infrastructure\HWMS.Infrastructure.csproj", "{8A726273-C827-4AC8-A7D9-2E5D343A67CD}"
EndProject
Project("{9A19103F-16F7-4668-BE54-9A1E7A4F7556}") = "HWMS.DoMain.Core", "HWMS.DoMain.Core\HWMS.DoMain.Core.csproj", "{CE8A5E6B-B9F0-4578-9181-B9C1E9A72931}"
EndProject
Global
	GlobalSection(SolutionConfigurationPlatforms) = preSolution
		Debug|Any CPU = Debug|Any CPU
		Debug|x64 = Debug|x64
		Debug|x86 = Debug|x86
		Release|Any CPU = Release|Any CPU
		Release|x64 = Release|x64
		Release|x86 = Release|x86
	EndGlobalSection
	GlobalSection(ProjectConfigurationPlatforms) = postSolution
		{7E7901E6-C0C2-4550-8C8C-C56CBA828F0B}.Debug|Any CPU.ActiveCfg = Debug|Any CPU
		{7E7901E6-C0C2-4550-8C8C-C56CBA828F0B}.Debug|Any CPU.Build.0 = Debug|Any CPU
		{7E7901E6-C0C2-4550-8C8C-C56CBA828F0B}.Debug|x64.ActiveCfg = Debug|Any CPU
		{7E7901E6-C0C2-4550-8C8C-C56CBA828F0B}.Debug|x64.Build.0 = Debug|Any CPU
		{7E7901E6-C0C2-4550-8C8C-C56CBA828F0B}.Debug|x86.ActiveCfg = Debug|Any CPU
		{7E7901E6-C0C2-4550-8C8C-C56CBA828F0B}.Debug|x86.Build.0 = Debug|Any CPU
		{7E7901E6-C0C2-4550-8C8C-C56CBA828F0B}.Release|Any CPU.ActiveCfg = Release|Any CPU
		{7E7901E6-C0C2-4550-8C8C-C56CBA828F0B}.Release|Any CPU.Build.0 = Release|Any CPU
		{7E7901E6-C0C2-4550-8C8C-C56CBA828F0B}.Release|x64.ActiveCfg = Release|Any CPU
		{7E7901E6-C0C2-4550-8C8C-C56CBA828F0B}.Release|x64.Build.0 = Release|Any CPU
		{7E7901E6-C0C2-4550-8C8C-C56CBA828F0B}.Release|x86.ActiveCfg = Release|Any CPU
		{7E7901E6-C0C2-4550-8C8C-C56CBA828F0B}.Release|x86.Build.0 = Release|Any CPU
		{7ED9B0F0-078D-487B-B75F-1B5F22D11DA4}.Debug|Any CPU.ActiveCfg = Debug|Any CPU
		{7ED9B0F0-078D-487B-B75F-1B5F22D11DA4}.Debug|Any CPU.Build.0 = Debug|Any CPU
		{7ED9B0F0-078D-487B-B75F-1B5F22D11DA4}.Debug|x64.ActiveCfg = Debug|Any CPU
		{7ED9B0F0-078D-487B-B75F-1B5F22D11DA4}.Debug|x64.Build.0 = Debug|Any CPU
		{7ED9B0F0-078D-487B-B75F-1B5F22D11DA4}.Debug|x86.ActiveCfg = Debug|Any CPU
		{7ED9B0F0-078D-487B-B75F-1B5F22D11DA4}.Debug|x86.Build.0 = Debug|Any CPU
		{7ED9B0F0-078D-487B-B75F-1B5F22D11DA4}.Release|Any CPU.ActiveCfg = Release|Any CPU
		{7ED9B0F0-078D-487B-B75F-1B5F22D11DA4}.Release|Any CPU.Build.0 = Release|Any CPU
		{7ED9B0F0-078D-487B-B75F-1B5F22D11DA4}.Release|x64.ActiveCfg = Release|Any CPU
		{7ED9B0F0-078D-487B-B75F-1B5F22D11DA4}.Release|x64.Build.0 = Release|Any CPU
		{7ED9B0F0-078D-487B-B75F-1B5F22D11DA4}.Release|x86.ActiveCfg = Release|Any CPU
		{7ED9B0F0-078D-487B-B75F-1B5F22D11DA4}.Release|x86.Build.0 = Release|Any CPU
		{BD77E803-7E53-40BA-B3C4-652583AF8025}.Debug|Any CPU.ActiveCfg = Debug|Any CPU
		{BD77E803-7E53-40BA-B3C4-652583AF8025}.Debug|Any CPU.Build.0 = Debug|Any CPU
		{BD77E803-7E53-40BA-B3C4-652583AF8025}.Debug|x64.ActiveCfg = Debug|Any CPU
		{BD77E803-7E53-40BA-B3C4-652583AF8025}.Debug|x64.Build.0 = Debug|Any CPU
		{BD77E803-7E53-40BA-B3C4-652583AF8025}.Debug|x86.ActiveCfg = Debug|Any CPU
		{BD77E803-7E53-40BA-B3C4-652583AF8025}.Debug|x86.Build.0 = Debug|Any CPU
		{BD77E803-7E53-40BA-B3C4-652583AF8025}.Release|Any CPU.ActiveCfg = Release|Any CPU
		{BD77E803-7E53-40BA-B3C4-652583AF8025}.Release|Any CPU.Build.0 = Release|Any CPU
		{BD77E803-7E53-40BA-B3C4-652583AF8025}.Release|x64.ActiveCfg = Release|Any CPU
		{BD77E803-7E53-40BA-B3C4-652583AF8025}.Release|x64.Build.0 = Release|Any CPU
		{BD77E803-7E53-40BA-B3C4-652583AF8025}.Release|x86.ActiveCfg = Release|Any CPU
		{BD77E803-7E53-40BA-B3C4-652583AF8025}.Release|x86.Build.0 = Release|Any CPU
		{8A726273-C827-4AC8-A7D9-2E5D343A67CD}.Debug|Any CPU.ActiveCfg = Debug|Any CPU
		{8A726273-C827-4AC8-A7D9-2E5D343A67CD}.Debug|Any CPU.Build.0 = Debug|Any CPU
		{8A726273-C827-4AC8-A7D9-2E5D343A67CD}.Debug|x64.ActiveCfg = Debug|Any CPU
		{8A726273-C827-4AC8-A7D9-2E5D343A67CD}.Debug|x64.Build.0 = Debug|Any CPU
		{8A726273-C827-4AC8-A7D9-2E5D343A67CD}.Debug|x86.ActiveCfg = Debug|Any CPU
		{8A726273-C827-4AC8-A7D9-2E5D343A67CD}.Debug|x86.Build.0 = Debug|Any CPU
		{8A726273-C827-4AC8-A7D9-2E5D343A67CD}.Release|Any CPU.ActiveCfg = Release|Any CPU
		{8A726273-C827-4AC8-A7D9-2E5D343A67CD}.Release|Any CPU.Build.0 = Release|Any CPU
		{8A726273-C827-4AC8-A7D9-2E5D343A67CD}.Release|x64.ActiveCfg = Release|Any CPU
		{8A726273-C827-4AC8-A7D9-2E5D343A67CD}.Release|x64.Build.0 = Release|Any CPU
		{8A726273-C827-4AC8-A7D9-2E5D343A67CD}.Release|x86.ActiveCfg = Release|Any CPU
		{8A726273-C827-4AC8-A7D9-2E5D343A67CD}.Release|x86.Build.0 = Release|Any CPU
		{CE8A5E6B-B9F0-4578-9181-B9C1E9A72931}.Debug|Any CPU.ActiveCfg = Debug|Any CPU
		{CE8A5E6B-B9F0-4578-9181-B9C1E9A72931}.Debug|Any CPU.Build.0 = Debug|Any CPU
		{CE8A5E6B-B9F0-4578-9181-B9C1E9A72931}.Debug|x64.ActiveCfg = Debug|Any CPU
		{CE8A5E6B-B9F0-4578-9181-B9C1E9A72931}.Debug|x64.Build.0 = Debug|Any CPU
		{CE8A5E6B-B9F0-4578-9181-B9C1E9A72931}.Debug|x86.ActiveCfg = Debug|Any CPU
		{CE8A5E6B-B9F0-4578-9181-B9C1E9A72931}.Debug|x86.Build.0 = Debug|Any CPU
		{CE8A5E6B-B9F0-4578-9181-B9C1E9A72931}.Release|Any CPU.ActiveCfg = Release|Any CPU
		{CE8A5E6B-B9F0-4578-9181-B9C1E9A72931}.Release|Any CPU.Build.0 = Release|Any CPU
		{CE8A5E6B-B9F0-4578-9181-B9C1E9A72931}.Release|x64.ActiveCfg = Release|Any CPU
		{CE8A5E6B-B9F0-4578-9181-B9C1E9A72931}.Release|x64.Build.0 = Release|Any CPU
		{CE8A5E6B-B9F0-4578-9181-B9C1E9A72931}.Release|x86.ActiveCfg = Release|Any CPU
		{CE8A5E6B-B9F0-4578-9181-B9C1E9A72931}.Release|x86.Build.0 = Release|Any CPU
	EndGlobalSection
	GlobalSection(SolutionProperties) = preSolution
		HideSolutionNode = FALSE
	EndGlobalSection
	GlobalSection(ExtensibilityGlobals) = postSolution
		SolutionGuid = {3D33E27B-E9A8-4F1A-A5C6-8FFAE7846778}
	EndGlobalSection
EndGlobal
